
Microsoft Visual Studio Solution File, Format Version 12.00
# Visual Studio 2013
VisualStudioVersion = 12.0.31101.0
MinimumVisualStudioVersion = 10.0.40219.1
Project("{FAE04EC0-301F-11D3-BF4B-00C04F79EFBC}") = "TokenWebMessenger", "TokenWebMessenger\TokenWebMessenger.csproj", "{67BA27FF-E209-45C5-842D-169A3159D232}"
EndProject
Project("{FAE04EC0-301F-11D3-BF4B-00C04F79EFBC}") = "TokenWebMessenger.Tests", "TokenWebMessenger.Tests\TokenWebMessenger.Tests.csproj", "{5DE37454-D8A5-4875-B96C-173FCC1430AA}"
EndProject
Global
	GlobalSection(SolutionConfigurationPlatforms) = preSolution
		Debug|Any CPU = Debug|Any CPU
		Release|Any CPU = Release|Any CPU
	EndGlobalSection
	GlobalSection(ProjectConfigurationPlatforms) = postSolution
		{67BA27FF-E209-45C5-842D-169A3159D232}.Debug|Any CPU.ActiveCfg = Debug|Any CPU
		{67BA27FF-E209-45C5-842D-169A3159D232}.Debug|Any CPU.Build.0 = Debug|Any CPU
		{67BA27FF-E209-45C5-842D-169A3159D232}.Release|Any CPU.ActiveCfg = Release|Any CPU
		{67BA27FF-E209-45C5-842D-169A3159D232}.Release|Any CPU.Build.0 = Release|Any CPU
		{5DE37454-D8A5-4875-B96C-173FCC1430AA}.Debug|Any CPU.ActiveCfg = Debug|Any CPU
		{5DE37454-D8A5-4875-B96C-173FCC1430AA}.Debug|Any CPU.Build.0 = Debug|Any CPU
		{5DE37454-D8A5-4875-B96C-173FCC1430AA}.Release|Any CPU.ActiveCfg = Release|Any CPU
		{5DE37454-D8A5-4875-B96C-173FCC1430AA}.Release|Any CPU.Build.0 = Release|Any CPU
	EndGlobalSection
	GlobalSection(SolutionProperties) = preSolution
		HideSolutionNode = FALSE
	EndGlobalSection
EndGlobal
